
Microsoft Visual Studio Solution File, Format Version 12.00
# Visual Studio Version 17
VisualStudioVersion = 17.0.31903.59
MinimumVisualStudioVersion = 10.0.40219.1
Project("{FAE04EC0-301F-11D3-BF4B-00C04F79EFBC}") = "TaskManager.Bootstrapper", "src\Bootstrapper\TaskManager.Bootstrapper\TaskManager.Bootstrapper.csproj", "{7F8FE190-FD37-4F40-B3FE-14BF87C8437D}"
EndProject
Project("{2150E333-8FDC-42A3-9474-1A3956D46DE8}") = "src", "src", "{95A08CAC-DA74-4467-AFB2-97967E8B279D}"
EndProject
Project("{2150E333-8FDC-42A3-9474-1A3956D46DE8}") = "Bootstrapper", "Bootstrapper", "{10FB6894-F091-45E6-A34F-42C403D3003A}"
EndProject
Project("{2150E333-8FDC-42A3-9474-1A3956D46DE8}") = "Modules", "Modules", "{A51F7F75-60F8-4842-AC03-6B2E5AD5CE09}"
EndProject
Project("{2150E333-8FDC-42A3-9474-1A3956D46DE8}") = "Shared", "Shared", "{A888D0E3-E37A-4647-A398-FF3E0D076F45}"
EndProject
Project("{FAE04EC0-301F-11D3-BF4B-00C04F79EFBC}") = "TaskManager.Shared.Abstractions", "src\Shared\TaskManager.Shared.Abstractions\TaskManager.Shared.Abstractions.csproj", "{9D951F3E-9C28-462C-A068-7C186B360219}"
EndProject
Project("{FAE04EC0-301F-11D3-BF4B-00C04F79EFBC}") = "TaskManager.Shared.Infrastructure", "src\Shared\TaskManager.Shared.Infrastructure\TaskManager.Shared.Infrastructure.csproj", "{5C303A73-7CB9-40B5-834A-2979ED0884D0}"
EndProject
Project("{2150E333-8FDC-42A3-9474-1A3956D46DE8}") = "Users", "Users", "{09879E29-8DF0-404E-9DC2-466CFFE4E78C}"
EndProject
Project("{FAE04EC0-301F-11D3-BF4B-00C04F79EFBC}") = "TaskManager.Modules.Users.Api", "src\Modules\Users\TaskManager.Modules.Users.Api\TaskManager.Modules.Users.Api.csproj", "{89B58552-75BF-4BEC-A496-B34823F240ED}"
EndProject
Project("{FAE04EC0-301F-11D3-BF4B-00C04F79EFBC}") = "TaskManager.Modules.Users.Application", "src\Modules\Users\TaskManager.Modules.Users.Application\TaskManager.Modules.Users.Application.csproj", "{048AA7BD-B7C1-4891-8CD4-6D03E5FFC437}"
EndProject
Project("{FAE04EC0-301F-11D3-BF4B-00C04F79EFBC}") = "TaskManager.Modules.Users.Domain", "src\Modules\Users\TaskManager.Modules.Users.Domain\TaskManager.Modules.Users.Domain.csproj", "{08FB5321-1122-4605-B095-14E6AB8CCE78}"
EndProject
Project("{FAE04EC0-301F-11D3-BF4B-00C04F79EFBC}") = "TaskManager.Modules.Users.Infrastructure", "src\Modules\Users\TaskManager.Modules.Users.Infrastructure\TaskManager.Modules.Users.Infrastructure.csproj", "{EA0F3230-305B-4155-8789-EED5CA0D5248}"
EndProject
Project("{2150E333-8FDC-42A3-9474-1A3956D46DE8}") = "Groups", "Groups", "{E763C34D-DC95-40F9-AF54-8D2B8365CEAD}"
EndProject
Project("{FAE04EC0-301F-11D3-BF4B-00C04F79EFBC}") = "TaskManager.Modules.Groups.Application", "src\Modules\Groups\TaskManager.Modules.Groups.Application\TaskManager.Modules.Groups.Application.csproj", "{92C987D6-1081-43B8-8CA2-6ECD25F0EF9C}"
EndProject
Project("{FAE04EC0-301F-11D3-BF4B-00C04F79EFBC}") = "TaskManager.Modules.Groups.Api", "src\Modules\Groups\TaskManager.Modules.Groups.Api\TaskManager.Modules.Groups.Api.csproj", "{3064E141-CC18-4C1E-B0EF-2C92D65E3D40}"
EndProject
Project("{FAE04EC0-301F-11D3-BF4B-00C04F79EFBC}") = "TaskManager.Modules.Groups.Domain", "src\Modules\Groups\TaskManager.Modules.Groups.Domain\TaskManager.Modules.Groups.Domain.csproj", "{2AB2F0BE-676F-4593-B2EE-F6E3A7ADE409}"
EndProject
Project("{FAE04EC0-301F-11D3-BF4B-00C04F79EFBC}") = "TaskManager.Modules.Groups.Infrastructure", "src\Modules\Groups\TaskManager.Modules.Groups.Infrastructure\TaskManager.Modules.Groups.Infrastructure.csproj", "{9F1CF26E-C49B-41E1-A96A-1AB5E7009500}"
EndProject
Project("{2150E333-8FDC-42A3-9474-1A3956D46DE8}") = "Managment", "Managment", "{F42837DE-08A4-48A4-8C15-F75F6BEB8144}"
EndProject
Project("{FAE04EC0-301F-11D3-BF4B-00C04F79EFBC}") = "TaskManager.Modules.Managment.Api", "src\Modules\Managment\TaskManager.Modules.Managment.Api\TaskManager.Modules.Managment.Api.csproj", "{B3603B4F-F87F-4599-9E10-B2A2CD378F0E}"
EndProject
Project("{FAE04EC0-301F-11D3-BF4B-00C04F79EFBC}") = "TaskManager.Modules.Managment.Application", "src\Modules\Managment\TaskManager.Modules.Managment.Application\TaskManager.Modules.Managment.Application.csproj", "{7FCBA2FD-9950-4821-8DE6-8FBF9A63C624}"
EndProject
Project("{FAE04EC0-301F-11D3-BF4B-00C04F79EFBC}") = "TaskManager.Modules.Managment.Domain", "src\Modules\Managment\TaskManager.Modules.Managment.Domain\TaskManager.Modules.Managment.Domain.csproj", "{F4AF9865-D1B2-4A4D-B713-A2E1DFB033CA}"
EndProject
Project("{FAE04EC0-301F-11D3-BF4B-00C04F79EFBC}") = "TaskManager.Modules.Managment.Infrastructure", "src\Modules\Managment\TaskManager.Modules.Managment.Infrastructure\TaskManager.Modules.Managment.Infrastructure.csproj", "{5AB9CA4D-04BC-4D81-906A-CD5F84FE5C37}"
EndProject
Global
	GlobalSection(SolutionConfigurationPlatforms) = preSolution
		Debug|Any CPU = Debug|Any CPU
		Release|Any CPU = Release|Any CPU
	EndGlobalSection
	GlobalSection(SolutionProperties) = preSolution
		HideSolutionNode = FALSE
	EndGlobalSection
	GlobalSection(ProjectConfigurationPlatforms) = postSolution
		{7F8FE190-FD37-4F40-B3FE-14BF87C8437D}.Debug|Any CPU.ActiveCfg = Debug|Any CPU
		{7F8FE190-FD37-4F40-B3FE-14BF87C8437D}.Debug|Any CPU.Build.0 = Debug|Any CPU
		{7F8FE190-FD37-4F40-B3FE-14BF87C8437D}.Release|Any CPU.ActiveCfg = Release|Any CPU
		{7F8FE190-FD37-4F40-B3FE-14BF87C8437D}.Release|Any CPU.Build.0 = Release|Any CPU
		{9D951F3E-9C28-462C-A068-7C186B360219}.Debug|Any CPU.ActiveCfg = Debug|Any CPU
		{9D951F3E-9C28-462C-A068-7C186B360219}.Debug|Any CPU.Build.0 = Debug|Any CPU
		{9D951F3E-9C28-462C-A068-7C186B360219}.Release|Any CPU.ActiveCfg = Release|Any CPU
		{9D951F3E-9C28-462C-A068-7C186B360219}.Release|Any CPU.Build.0 = Release|Any CPU
		{5C303A73-7CB9-40B5-834A-2979ED0884D0}.Debug|Any CPU.ActiveCfg = Debug|Any CPU
		{5C303A73-7CB9-40B5-834A-2979ED0884D0}.Debug|Any CPU.Build.0 = Debug|Any CPU
		{5C303A73-7CB9-40B5-834A-2979ED0884D0}.Release|Any CPU.ActiveCfg = Release|Any CPU
		{5C303A73-7CB9-40B5-834A-2979ED0884D0}.Release|Any CPU.Build.0 = Release|Any CPU
		{89B58552-75BF-4BEC-A496-B34823F240ED}.Debug|Any CPU.ActiveCfg = Debug|Any CPU
		{89B58552-75BF-4BEC-A496-B34823F240ED}.Debug|Any CPU.Build.0 = Debug|Any CPU
		{89B58552-75BF-4BEC-A496-B34823F240ED}.Release|Any CPU.ActiveCfg = Release|Any CPU
		{89B58552-75BF-4BEC-A496-B34823F240ED}.Release|Any CPU.Build.0 = Release|Any CPU
		{048AA7BD-B7C1-4891-8CD4-6D03E5FFC437}.Debug|Any CPU.ActiveCfg = Debug|Any CPU
		{048AA7BD-B7C1-4891-8CD4-6D03E5FFC437}.Debug|Any CPU.Build.0 = Debug|Any CPU
		{048AA7BD-B7C1-4891-8CD4-6D03E5FFC437}.Release|Any CPU.ActiveCfg = Release|Any CPU
		{048AA7BD-B7C1-4891-8CD4-6D03E5FFC437}.Release|Any CPU.Build.0 = Release|Any CPU
		{08FB5321-1122-4605-B095-14E6AB8CCE78}.Debug|Any CPU.ActiveCfg = Debug|Any CPU
		{08FB5321-1122-4605-B095-14E6AB8CCE78}.Debug|Any CPU.Build.0 = Debug|Any CPU
		{08FB5321-1122-4605-B095-14E6AB8CCE78}.Release|Any CPU.ActiveCfg = Release|Any CPU
		{08FB5321-1122-4605-B095-14E6AB8CCE78}.Release|Any CPU.Build.0 = Release|Any CPU
		{EA0F3230-305B-4155-8789-EED5CA0D5248}.Debug|Any CPU.ActiveCfg = Debug|Any CPU
		{EA0F3230-305B-4155-8789-EED5CA0D5248}.Debug|Any CPU.Build.0 = Debug|Any CPU
		{EA0F3230-305B-4155-8789-EED5CA0D5248}.Release|Any CPU.ActiveCfg = Release|Any CPU
		{EA0F3230-305B-4155-8789-EED5CA0D5248}.Release|Any CPU.Build.0 = Release|Any CPU
		{92C987D6-1081-43B8-8CA2-6ECD25F0EF9C}.Debug|Any CPU.ActiveCfg = Debug|Any CPU
		{92C987D6-1081-43B8-8CA2-6ECD25F0EF9C}.Debug|Any CPU.Build.0 = Debug|Any CPU
		{92C987D6-1081-43B8-8CA2-6ECD25F0EF9C}.Release|Any CPU.ActiveCfg = Release|Any CPU
		{92C987D6-1081-43B8-8CA2-6ECD25F0EF9C}.Release|Any CPU.Build.0 = Release|Any CPU
		{3064E141-CC18-4C1E-B0EF-2C92D65E3D40}.Debug|Any CPU.ActiveCfg = Debug|Any CPU
		{3064E141-CC18-4C1E-B0EF-2C92D65E3D40}.Debug|Any CPU.Build.0 = Debug|Any CPU
		{3064E141-CC18-4C1E-B0EF-2C92D65E3D40}.Release|Any CPU.ActiveCfg = Release|Any CPU
		{3064E141-CC18-4C1E-B0EF-2C92D65E3D40}.Release|Any CPU.Build.0 = Release|Any CPU
		{2AB2F0BE-676F-4593-B2EE-F6E3A7ADE409}.Debug|Any CPU.ActiveCfg = Debug|Any CPU
		{2AB2F0BE-676F-4593-B2EE-F6E3A7ADE409}.Debug|Any CPU.Build.0 = Debug|Any CPU
		{2AB2F0BE-676F-4593-B2EE-F6E3A7ADE409}.Release|Any CPU.ActiveCfg = Release|Any CPU
		{2AB2F0BE-676F-4593-B2EE-F6E3A7ADE409}.Release|Any CPU.Build.0 = Release|Any CPU
		{9F1CF26E-C49B-41E1-A96A-1AB5E7009500}.Debug|Any CPU.ActiveCfg = Debug|Any CPU
		{9F1CF26E-C49B-41E1-A96A-1AB5E7009500}.Debug|Any CPU.Build.0 = Debug|Any CPU
		{9F1CF26E-C49B-41E1-A96A-1AB5E7009500}.Release|Any CPU.ActiveCfg = Release|Any CPU
		{9F1CF26E-C49B-41E1-A96A-1AB5E7009500}.Release|Any CPU.Build.0 = Release|Any CPU
		{B3603B4F-F87F-4599-9E10-B2A2CD378F0E}.Debug|Any CPU.ActiveCfg = Debug|Any CPU
		{B3603B4F-F87F-4599-9E10-B2A2CD378F0E}.Debug|Any CPU.Build.0 = Debug|Any CPU
		{B3603B4F-F87F-4599-9E10-B2A2CD378F0E}.Release|Any CPU.ActiveCfg = Release|Any CPU
		{B3603B4F-F87F-4599-9E10-B2A2CD378F0E}.Release|Any CPU.Build.0 = Release|Any CPU
		{7FCBA2FD-9950-4821-8DE6-8FBF9A63C624}.Debug|Any CPU.ActiveCfg = Debug|Any CPU
		{7FCBA2FD-9950-4821-8DE6-8FBF9A63C624}.Debug|Any CPU.Build.0 = Debug|Any CPU
		{7FCBA2FD-9950-4821-8DE6-8FBF9A63C624}.Release|Any CPU.ActiveCfg = Release|Any CPU
		{7FCBA2FD-9950-4821-8DE6-8FBF9A63C624}.Release|Any CPU.Build.0 = Release|Any CPU
		{F4AF9865-D1B2-4A4D-B713-A2E1DFB033CA}.Debug|Any CPU.ActiveCfg = Debug|Any CPU
		{F4AF9865-D1B2-4A4D-B713-A2E1DFB033CA}.Debug|Any CPU.Build.0 = Debug|Any CPU
		{F4AF9865-D1B2-4A4D-B713-A2E1DFB033CA}.Release|Any CPU.ActiveCfg = Release|Any CPU
		{F4AF9865-D1B2-4A4D-B713-A2E1DFB033CA}.Release|Any CPU.Build.0 = Release|Any CPU
		{5AB9CA4D-04BC-4D81-906A-CD5F84FE5C37}.Debug|Any CPU.ActiveCfg = Debug|Any CPU
		{5AB9CA4D-04BC-4D81-906A-CD5F84FE5C37}.Debug|Any CPU.Build.0 = Debug|Any CPU
		{5AB9CA4D-04BC-4D81-906A-CD5F84FE5C37}.Release|Any CPU.ActiveCfg = Release|Any CPU
		{5AB9CA4D-04BC-4D81-906A-CD5F84FE5C37}.Release|Any CPU.Build.0 = Release|Any CPU
	EndGlobalSection
	GlobalSection(NestedProjects) = preSolution
		{10FB6894-F091-45E6-A34F-42C403D3003A} = {95A08CAC-DA74-4467-AFB2-97967E8B279D}
		{A51F7F75-60F8-4842-AC03-6B2E5AD5CE09} = {95A08CAC-DA74-4467-AFB2-97967E8B279D}
		{A888D0E3-E37A-4647-A398-FF3E0D076F45} = {95A08CAC-DA74-4467-AFB2-97967E8B279D}
		{7F8FE190-FD37-4F40-B3FE-14BF87C8437D} = {10FB6894-F091-45E6-A34F-42C403D3003A}
		{9D951F3E-9C28-462C-A068-7C186B360219} = {A888D0E3-E37A-4647-A398-FF3E0D076F45}
		{5C303A73-7CB9-40B5-834A-2979ED0884D0} = {A888D0E3-E37A-4647-A398-FF3E0D076F45}
		{09879E29-8DF0-404E-9DC2-466CFFE4E78C} = {A51F7F75-60F8-4842-AC03-6B2E5AD5CE09}
		{89B58552-75BF-4BEC-A496-B34823F240ED} = {09879E29-8DF0-404E-9DC2-466CFFE4E78C}
		{048AA7BD-B7C1-4891-8CD4-6D03E5FFC437} = {09879E29-8DF0-404E-9DC2-466CFFE4E78C}
		{08FB5321-1122-4605-B095-14E6AB8CCE78} = {09879E29-8DF0-404E-9DC2-466CFFE4E78C}
		{EA0F3230-305B-4155-8789-EED5CA0D5248} = {09879E29-8DF0-404E-9DC2-466CFFE4E78C}
		{E763C34D-DC95-40F9-AF54-8D2B8365CEAD} = {A51F7F75-60F8-4842-AC03-6B2E5AD5CE09}
		{92C987D6-1081-43B8-8CA2-6ECD25F0EF9C} = {E763C34D-DC95-40F9-AF54-8D2B8365CEAD}
		{3064E141-CC18-4C1E-B0EF-2C92D65E3D40} = {E763C34D-DC95-40F9-AF54-8D2B8365CEAD}
		{2AB2F0BE-676F-4593-B2EE-F6E3A7ADE409} = {E763C34D-DC95-40F9-AF54-8D2B8365CEAD}
		{9F1CF26E-C49B-41E1-A96A-1AB5E7009500} = {E763C34D-DC95-40F9-AF54-8D2B8365CEAD}
		{F42837DE-08A4-48A4-8C15-F75F6BEB8144} = {A51F7F75-60F8-4842-AC03-6B2E5AD5CE09}
		{B3603B4F-F87F-4599-9E10-B2A2CD378F0E} = {F42837DE-08A4-48A4-8C15-F75F6BEB8144}
		{7FCBA2FD-9950-4821-8DE6-8FBF9A63C624} = {F42837DE-08A4-48A4-8C15-F75F6BEB8144}
		{F4AF9865-D1B2-4A4D-B713-A2E1DFB033CA} = {F42837DE-08A4-48A4-8C15-F75F6BEB8144}
		{5AB9CA4D-04BC-4D81-906A-CD5F84FE5C37} = {F42837DE-08A4-48A4-8C15-F75F6BEB8144}
	EndGlobalSection
EndGlobal
